<?xml version="1.0" encoding="utf-8"?>
<Project ToolsVersion="4.0" xmlns="http://schemas.microsoft.com/developer/msbuild/2003">
  <ItemGroup>
    <Filter Include="Default">
      <UniqueIdentifier>{c38c2f26-60f3-4198-a65f-e578f3f68a71}</UniqueIdentifier>
    </Filter>
    <Filter Include="PreCompile">
      <UniqueIdentifier>{b3e4cd39-cf1e-4c45-8dab-7239ad56392e}</UniqueIdentifier>
    </Filter>
    <Filter Include="PreCompile\Extern">
      <UniqueIdentifier>{374bc5fa-0013-43cc-ad19-296f4a68f09a}</UniqueIdentifier>
    </Filter>
    <Filter Include="01.Doc">
      <UniqueIdentifier>{3d4c65cb-bd66-4d74-84db-3fa13aa9b6c7}</UniqueIdentifier>
    </Filter>
    <Filter Include="00.Main">
      <UniqueIdentifier>{9d0e89c8-35e5-43e7-bc75-efb3be7d8661}</UniqueIdentifier>
    </Filter>
    <Filter Include="02.View">
      <UniqueIdentifier>{9080c810-8b4c-4a77-9480-7e4a78b61a67}</UniqueIdentifier>
    </Filter>
    <Filter Include="Default\리소스 파일">
      <UniqueIdentifier>{67DA6AB6-F800-4c08-8B7A-83BB121AAD01}</UniqueIdentifier>
      <Extensions>rc;ico;cur;bmp;dlg;rc2;rct;bin;rgs;gif;jpg;jpeg;jpe;resx;tiff;tif;png;wav;mfcribbon-ms</Extensions>
    </Filter>
    <Filter Include="03.Manager">
      <UniqueIdentifier>{4bbae0bf-27ec-4b53-a273-f5f3cc349917}</UniqueIdentifier>
    </Filter>
    <Filter Include="PreCompile\Define">
      <UniqueIdentifier>{390758f9-a932-4853-9c55-9b7ab5b53494}</UniqueIdentifier>
    </Filter>
    <Filter Include="PreCompile\Struct">
      <UniqueIdentifier>{85f187c1-6b50-41d3-ae09-5a35d8be6669}</UniqueIdentifier>
    </Filter>
  </ItemGroup>
  <ItemGroup>
    <ClInclude Include="Resource.h">
      <Filter>Default</Filter>
    </ClInclude>
    <ClInclude Include="targetver.h">
      <Filter>Default</Filter>
    </ClInclude>
    <ClInclude Include="D2DToolDoc.h">
      <Filter>01.Doc</Filter>
    </ClInclude>
    <ClInclude Include="D2DTool.h">
      <Filter>00.Main</Filter>
    </ClInclude>
    <ClInclude Include="MainFrm.h">
      <Filter>00.Main</Filter>
    </ClInclude>
    <ClInclude Include="D2DToolView.h">
      <Filter>02.View</Filter>
    </ClInclude>
    <ClInclude Include="stdafx.h">
      <Filter>PreCompile</Filter>
    </ClInclude>
    <ClInclude Include="Singleton.h">
      <Filter>PreCompile</Filter>
    </ClInclude>
    <ClInclude Include="FileIO.h">
      <Filter>PreCompile</Filter>
    </ClInclude>
    <ClInclude Include="DeviceManager.h">
      <Filter>03.Manager</Filter>
    </ClInclude>
    <ClInclude Include="Struct.h">
      <Filter>PreCompile\Struct</Filter>
    </ClInclude>
    <ClInclude Include="Define.h">
      <Filter>PreCompile\Define</Filter>
    </ClInclude>
    <ClInclude Include="Extern.h">
      <Filter>PreCompile\Extern</Filter>
    </ClInclude>
  </ItemGroup>
  <ItemGroup>
    <ClCompile Include="D2DToolDoc.cpp">
      <Filter>01.Doc</Filter>
    </ClCompile>
    <ClCompile Include="D2DTool.cpp">
      <Filter>00.Main</Filter>
    </ClCompile>
    <ClCompile Include="MainFrm.cpp">
      <Filter>00.Main</Filter>
    </ClCompile>
    <ClCompile Include="D2DToolView.cpp">
      <Filter>02.View</Filter>
    </ClCompile>
    <ClCompile Include="stdafx.cpp">
      <Filter>PreCompile</Filter>
    </ClCompile>
    <ClCompile Include="FileIO.cpp">
      <Filter>PreCompile</Filter>
    </ClCompile>
    <ClCompile Include="DeviceManager.cpp">
      <Filter>03.Manager</Filter>
    </ClCompile>
  </ItemGroup>
  <ItemGroup>
    <ResourceCompile Include="D2DTool.rc">
      <Filter>Default\리소스 파일</Filter>
    </ResourceCompile>
  </ItemGroup>
  <ItemGroup>
    <None Include="res\D2DTool.rc2">
      <Filter>Default\리소스 파일</Filter>
    </None>
  </ItemGroup>
  <ItemGroup>
    <Image Include="res\D2DToolDoc.ico">
      <Filter>Default\리소스 파일</Filter>
    </Image>
    <Image Include="res\D2DTool.ico">
      <Filter>Default\리소스 파일</Filter>
    </Image>
    <Image Include="res\Toolbar.bmp">
      <Filter>Default\리소스 파일</Filter>
    </Image>
  </ItemGroup>
</Project>